
Microsoft Visual Studio Solution File, Format Version 12.00
# Visual Studio Version 16
VisualStudioVersion = 16.0.29709.97
MinimumVisualStudioVersion = 10.0.40219.1
Project("{9A19103F-16F7-4668-BE54-9A1E7A4F7556}") = "Fllr", "Fllr\Fllr.csproj", "{D3B2B704-48C4-4EF5-A6F0-F32FB5264286}"
EndProject
Project("{9A19103F-16F7-4668-BE54-9A1E7A4F7556}") = "Fllr.Infrastructure", "Fllr.Infrastructure\Fllr.Infrastructure.csproj", "{BFB47164-5060-4BDE-A7B9-B6B604D4FEE1}"
EndProject
Project("{9A19103F-16F7-4668-BE54-9A1E7A4F7556}") = "Fllr.Generator.Default", "Fllr.Generator.Default\Fllr.Generator.Default.csproj", "{E0EA83E9-052A-412D-A01E-6C9BC16A2C10}"
EndProject
Global
	GlobalSection(SolutionConfigurationPlatforms) = preSolution
		Debug|Any CPU = Debug|Any CPU
		Release|Any CPU = Release|Any CPU
	EndGlobalSection
	GlobalSection(ProjectConfigurationPlatforms) = postSolution
		{D3B2B704-48C4-4EF5-A6F0-F32FB5264286}.Debug|Any CPU.ActiveCfg = Debug|Any CPU
		{D3B2B704-48C4-4EF5-A6F0-F32FB5264286}.Debug|Any CPU.Build.0 = Debug|Any CPU
		{D3B2B704-48C4-4EF5-A6F0-F32FB5264286}.Release|Any CPU.ActiveCfg = Release|Any CPU
		{D3B2B704-48C4-4EF5-A6F0-F32FB5264286}.Release|Any CPU.Build.0 = Release|Any CPU
		{BFB47164-5060-4BDE-A7B9-B6B604D4FEE1}.Debug|Any CPU.ActiveCfg = Debug|Any CPU
		{BFB47164-5060-4BDE-A7B9-B6B604D4FEE1}.Debug|Any CPU.Build.0 = Debug|Any CPU
		{BFB47164-5060-4BDE-A7B9-B6B604D4FEE1}.Release|Any CPU.ActiveCfg = Release|Any CPU
		{BFB47164-5060-4BDE-A7B9-B6B604D4FEE1}.Release|Any CPU.Build.0 = Release|Any CPU
		{E0EA83E9-052A-412D-A01E-6C9BC16A2C10}.Debug|Any CPU.ActiveCfg = Debug|Any CPU
		{E0EA83E9-052A-412D-A01E-6C9BC16A2C10}.Debug|Any CPU.Build.0 = Debug|Any CPU
		{E0EA83E9-052A-412D-A01E-6C9BC16A2C10}.Release|Any CPU.ActiveCfg = Release|Any CPU
		{E0EA83E9-052A-412D-A01E-6C9BC16A2C10}.Release|Any CPU.Build.0 = Release|Any CPU
	EndGlobalSection
	GlobalSection(SolutionProperties) = preSolution
		HideSolutionNode = FALSE
	EndGlobalSection
	GlobalSection(ExtensibilityGlobals) = postSolution
		SolutionGuid = {C976A12C-51CC-4C92-9F21-D7214964E75D}
	EndGlobalSection
EndGlobal
